dependencies:
- name: postgresql
  repository: https://charts.bitnami.com/bitnami
  version: 11.6.14
- name: rabbitmq
  repository: https://charts.bitnami.com/bitnami
  version: 13.0.3
- name: common
  repository: https://charts.bitnami.com/bitnami
  version: 1.17.1
- name: redis-ha
  repository: https://dandydeveloper.github.io/charts
  version: 4.12.15
digest: sha256:93953f1077412f5cdaff4f54e730ea0a0719d606ee4d9e49c1909188b712dbb4
generated: "2024-04-10T00:03:01.339728533Z"
