dependencies:
- name: postgresql
  repository: https://charts.bitnami.com/bitnami
  version: 10.13.15
- name: rabbitmq
  repository: https://charts.bitnami.com/bitnami
  version: 8.6.0
- name: common
  repository: https://charts.bitnami.com/bitnami
  version: 1.10.3
digest: sha256:35859b6ffaae2e262d8c886ff89316c0572587bcac25d9b0e6ada3149017ceab
generated: "2021-12-22T22:49:14.345185054Z"
